
Microsoft Visual Studio Solution File, Format Version 12.00
# Visual Studio Version 16
VisualStudioVersion = 16.0.30907.101
MinimumVisualStudioVersion = 10.0.40219.1
Project("{FAE04EC0-301F-11D3-BF4B-00C04F79EFBC}") = "TestBricks", "TestBricks\TestBricks.csproj", "{8A922539-F0DC-405F-B77A-8048D3685815}"
EndProject
Global
	GlobalSection(SolutionConfigurationPlatforms) = preSolution
		Debug|Any CPU = Debug|Any CPU
		Release|Any CPU = Release|Any CPU
	EndGlobalSection
	GlobalSection(ProjectConfigurationPlatforms) = postSolution
		{8A922539-F0DC-405F-B77A-8048D3685815}.Debug|Any CPU.ActiveCfg = Debug|Any CPU
		{8A922539-F0DC-405F-B77A-8048D3685815}.Debug|Any CPU.Build.0 = Debug|Any CPU
		{8A922539-F0DC-405F-B77A-8048D3685815}.Release|Any CPU.ActiveCfg = Release|Any CPU
		{8A922539-F0DC-405F-B77A-8048D3685815}.Release|Any CPU.Build.0 = Release|Any CPU
	EndGlobalSection
	GlobalSection(SolutionProperties) = preSolution
		HideSolutionNode = FALSE
	EndGlobalSection
	GlobalSection(ExtensibilityGlobals) = postSolution
		SolutionGuid = {079B1CCA-B928-4A89-BC86-14F80AA2518B}
	EndGlobalSection
EndGlobal
